// !$*UTF8*$!
{
	archiveVersion = 1;
	classes = {
	};
	objectVersion = 77;
	objects = {

/* Begin PBXBuildFile section */
		162469802E9051C100920873 /* Auth in Frameworks */ = {isa = PBXBuildFile; productRef = 1624697F2E9051C100920873 /* Auth */; };
		162469822E9051C100920873 /* Functions in Frameworks */ = {isa = PBXBuildFile; productRef = 162469812E9051C100920873 /* Functions */; };
		162469842E9051C100920873 /* PostgREST in Frameworks */ = {isa = PBXBuildFile; productRef = 162469832E9051C100920873 /* PostgREST */; };
		162469862E9051C100920873 /* Realtime in Frameworks */ = {isa = PBXBuildFile; productRef = 162469852E9051C100920873 /* Realtime */; };
		162469882E9051C100920873 /* Supabase in Frameworks */ = {isa = PBXBuildFile; productRef = 162469872E9051C100920873 /* Supabase */; };
		1624698B2E90521200920873 /* GoogleAPIClientForREST_Drive in Frameworks */ = {isa = PBXBuildFile; productRef = 1624698A2E90521200920873 /* GoogleAPIClientForREST_Drive */; };
		1624698D2E90521200920873 /* GoogleAPIClientForREST_Sheets in Frameworks */ = {isa = PBXBuildFile; productRef = 1624698C2E90521200920873 /* GoogleAPIClientForREST_Sheets */; };
		162469902E90526300920873 /* AppAuth in Frameworks */ = {isa = PBXBuildFile; productRef = 1624698F2E90526300920873 /* AppAuth */; };
		162469932E9052A300920873 /* GTMAppAuth in Frameworks */ = {isa = PBXBuildFile; productRef = 162469922E9052A300920873 /* GTMAppAuth */; };
		162469962E9052DB00920873 /* MarkdownUI in Frameworks */ = {isa = PBXBuildFile; productRef = 162469952E9052DB00920873 /* MarkdownUI */; };
		162469992E90530500920873 /* SwiftUICharts in Frameworks */ = {isa = PBXBuildFile; productRef = 162469982E90530500920873 /* SwiftUICharts */; };
		1624699C2E90533300920873 /* Lottie in Frameworks */ = {isa = PBXBuildFile; productRef = 1624699B2E90533300920873 /* Lottie */; };
		1624699F2E90535100920873 /* AxisTooltip in Frameworks */ = {isa = PBXBuildFile; productRef = 1624699E2E90535100920873 /* AxisTooltip */; };
		162469A22E90537500920873 /* ExyteGrid in Frameworks */ = {isa = PBXBuildFile; productRef = 162469A12E90537500920873 /* ExyteGrid */; };
		162469A52E90539D00920873 /* SwiftUIX in Frameworks */ = {isa = PBXBuildFile; productRef = 162469A42E90539D00920873 /* SwiftUIX */; };
		162469A82E9053E400920873 /* Kingfisher in Frameworks */ = {isa = PBXBuildFile; productRef = 162469A72E9053E400920873 /* Kingfisher */; };
		162469AB2E90540F00920873 /* SwiftUIIntrospect in Frameworks */ = {isa = PBXBuildFile; productRef = 162469AA2E90540F00920873 /* SwiftUIIntrospect */; };
		162469AE2E90544A00920873 /* TPPDF in Frameworks */ = {isa = PBXBuildFile; productRef = 162469AD2E90544A00920873 /* TPPDF */; };
		162469B12E90546B00920873 /* Dependencies in Frameworks */ = {isa = PBXBuildFile; productRef = 162469B02E90546B00920873 /* Dependencies */; };
		1692110B2EAEF20000239461 /* CoreXLSX in Frameworks */ = {isa = PBXBuildFile; productRef = 1692110A2EAEF20000239461 /* CoreXLSX */; };
		169ADED92EA817330097916E /* Sentry in Frameworks */ = {isa = PBXBuildFile; productRef = 169ADED82EA817330097916E /* Sentry */; };
		169ADEDB2EA817330097916E /* SentrySwiftUI in Frameworks */ = {isa = PBXBuildFile; productRef = 169ADEDA2EA817330097916E /* SentrySwiftUI */; };
/* End PBXBuildFile section */

/* Begin PBXContainerItemProxy section */
		1624654D2E904FFF00920873 /* PBXContainerItemProxy */ = {
			isa = PBXContainerItemProxy;
			containerPortal = 162465352E904FFC00920873 /* Project object */;
			proxyType = 1;
			remoteGlobalIDString = 1624653C2E904FFC00920873;
			remoteInfo = "I Do Blueprint";
		};
		162465572E904FFF00920873 /* PBXContainerItemProxy */ = {
			isa = PBXContainerItemProxy;
			containerPortal = 162465352E904FFC00920873 /* Project object */;
			proxyType = 1;
			remoteGlobalIDString = 1624653C2E904FFC00920873;
			remoteInfo = "I Do Blueprint";
		};
/* End PBXContainerItemProxy section */

/* Begin PBXFileReference section */
		1624653D2E904FFC00920873 /* I Do Blueprint.app */ = {isa = PBXFileReference; explicitFileType = wrapper.application; includeInIndex = 0; path = "I Do Blueprint.app"; sourceTree = BUILT_PRODUCTS_DIR; };
		1624654C2E904FFF00920873 /* I Do BlueprintTests.xctest */ = {isa = PBXFileReference; explicitFileType = wrapper.cfbundle; includeInIndex = 0; path = "I Do BlueprintTests.xctest"; sourceTree = BUILT_PRODUCTS_DIR; };
		162465562E904FFF00920873 /* I Do BlueprintUITests.xctest */ = {isa = PBXFileReference; explicitFileType = wrapper.cfbundle; includeInIndex = 0; path = "I Do BlueprintUITests.xctest"; sourceTree = BUILT_PRODUCTS_DIR; };
/* End PBXFileReference section */

/* Begin PBXFileSystemSynchronizedBuildFileExceptionSet section */
		166EFE402EB18CD000C35351 /* Exceptions for "I Do Blueprint" folder in "I Do Blueprint" target */ = {
			isa = PBXFileSystemSynchronizedBuildFileExceptionSet;
			membershipExceptions = (
				"I Do Blueprint-Info.plist",
			);
			target = 1624653C2E904FFC00920873 /* I Do Blueprint */;
		};
/* End PBXFileSystemSynchronizedBuildFileExceptionSet section */

/* Begin PBXFileSystemSynchronizedRootGroup section */
		1624653F2E904FFC00920873 /* I Do Blueprint */ = {
			isa = PBXFileSystemSynchronizedRootGroup;
			exceptions = (
				166EFE402EB18CD000C35351 /* Exceptions for "I Do Blueprint" folder in "I Do Blueprint" target */,
			);
			path = "I Do Blueprint";
			sourceTree = "<group>";
		};
		1624654F2E904FFF00920873 /* I Do BlueprintTests */ = {
			isa = PBXFileSystemSynchronizedRootGroup;
			path = "I Do BlueprintTests";
			sourceTree = "<group>";
		};
		162465592E904FFF00920873 /* I Do BlueprintUITests */ = {
			isa = PBXFileSystemSynchronizedRootGroup;
			path = "I Do BlueprintUITests";
			sourceTree = "<group>";
		};
/* End PBXFileSystemSynchronizedRootGroup section */

/* Begin PBXFrameworksBuildPhase section */
		1624653A2E904FFC00920873 /* Frameworks */ = {
			isa = PBXFrameworksBuildPhase;
			buildActionMask = 2147483647;
			files = (
				1624698B2E90521200920873 /* GoogleAPIClientForREST_Drive in Frameworks */,
				169ADEDB2EA817330097916E /* SentrySwiftUI in Frameworks */,
				162469AB2E90540F00920873 /* SwiftUIIntrospect in Frameworks */,
				162469882E9051C100920873 /* Supabase in Frameworks */,
				162469AE2E90544A00920873 /* TPPDF in Frameworks */,
				162469932E9052A300920873 /* GTMAppAuth in Frameworks */,
				162469A52E90539D00920873 /* SwiftUIX in Frameworks */,
				162469A82E9053E400920873 /* Kingfisher in Frameworks */,
				1692110B2EAEF20000239461 /* CoreXLSX in Frameworks */,
				162469902E90526300920873 /* AppAuth in Frameworks */,
				162469842E9051C100920873 /* PostgREST in Frameworks */,
				1624698D2E90521200920873 /* GoogleAPIClientForREST_Sheets in Frameworks */,
				162469822E9051C100920873 /* Functions in Frameworks */,
				162469992E90530500920873 /* SwiftUICharts in Frameworks */,
				162469A22E90537500920873 /* ExyteGrid in Frameworks */,
				162469802E9051C100920873 /* Auth in Frameworks */,
				162469B12E90546B00920873 /* Dependencies in Frameworks */,
				169ADED92EA817330097916E /* Sentry in Frameworks */,
				162469862E9051C100920873 /* Realtime in Frameworks */,
				162469962E9052DB00920873 /* MarkdownUI in Frameworks */,
				1624699F2E90535100920873 /* AxisTooltip in Frameworks */,
				1624699C2E90533300920873 /* Lottie in Frameworks */,
			);
			runOnlyForDeploymentPostprocessing = 0;
		};
		162465492E904FFF00920873 /* Frameworks */ = {
			isa = PBXFrameworksBuildPhase;
			buildActionMask = 2147483647;
			files = (
			);
			runOnlyForDeploymentPostprocessing = 0;
		};
		162465532E904FFF00920873 /* Frameworks */ = {
			isa = PBXFrameworksBuildPhase;
			buildActionMask = 2147483647;
			files = (
			);
			runOnlyForDeploymentPostprocessing = 0;
		};
/* End PBXFrameworksBuildPhase section */

/* Begin PBXGroup section */
		162465342E904FFC00920873 = {
			isa = PBXGroup;
			children = (
				1624653F2E904FFC00920873 /* I Do Blueprint */,
				1624654F2E904FFF00920873 /* I Do BlueprintTests */,
				162465592E904FFF00920873 /* I Do BlueprintUITests */,
				1624653E2E904FFC00920873 /* Products */,
			);
			sourceTree = "<group>";
		};
		1624653E2E904FFC00920873 /* Products */ = {
			isa = PBXGroup;
			children = (
				1624653D2E904FFC00920873 /* I Do Blueprint.app */,
				1624654C2E904FFF00920873 /* I Do BlueprintTests.xctest */,
				162465562E904FFF00920873 /* I Do BlueprintUITests.xctest */,
			);
			name = Products;
			sourceTree = "<group>";
		};
/* End PBXGroup section */

/* Begin PBXNativeTarget section */
		1624653C2E904FFC00920873 /* I Do Blueprint */ = {
			isa = PBXNativeTarget;
			buildConfigurationList = 162465602E904FFF00920873 /* Build configuration list for PBXNativeTarget "I Do Blueprint" */;
			buildPhases = (
				162465392E904FFC00920873 /* Sources */,
				1624653A2E904FFC00920873 /* Frameworks */,
				1624653B2E904FFC00920873 /* Resources */,
			);
			buildRules = (
			);
			dependencies = (
			);
			fileSystemSynchronizedGroups = (
				1624653F2E904FFC00920873 /* I Do Blueprint */,
			);
			name = "I Do Blueprint";
			packageProductDependencies = (
				1624697F2E9051C100920873 /* Auth */,
				162469812E9051C100920873 /* Functions */,
				162469832E9051C100920873 /* PostgREST */,
				162469852E9051C100920873 /* Realtime */,
				162469872E9051C100920873 /* Supabase */,
				1624698A2E90521200920873 /* GoogleAPIClientForREST_Drive */,
				1624698C2E90521200920873 /* GoogleAPIClientForREST_Sheets */,
				1624698F2E90526300920873 /* AppAuth */,
				162469922E9052A300920873 /* GTMAppAuth */,
				162469952E9052DB00920873 /* MarkdownUI */,
				162469982E90530500920873 /* SwiftUICharts */,
				1624699B2E90533300920873 /* Lottie */,
				1624699E2E90535100920873 /* AxisTooltip */,
				162469A12E90537500920873 /* ExyteGrid */,
				162469A42E90539D00920873 /* SwiftUIX */,
				162469A72E9053E400920873 /* Kingfisher */,
				162469AA2E90540F00920873 /* SwiftUIIntrospect */,
				162469AD2E90544A00920873 /* TPPDF */,
				162469B02E90546B00920873 /* Dependencies */,
				169ADED82EA817330097916E /* Sentry */,
				169ADEDA2EA817330097916E /* SentrySwiftUI */,
				1692110A2EAEF20000239461 /* CoreXLSX */,
			);
			productName = "I Do Blueprint";
			productReference = 1624653D2E904FFC00920873 /* I Do Blueprint.app */;
			productType = "com.apple.product-type.application";
		};
		1624654B2E904FFF00920873 /* I Do BlueprintTests */ = {
			isa = PBXNativeTarget;
			buildConfigurationList = 162465632E904FFF00920873 /* Build configuration list for PBXNativeTarget "I Do BlueprintTests" */;
			buildPhases = (
				162465482E904FFF00920873 /* Sources */,
				162465492E904FFF00920873 /* Frameworks */,
				1624654A2E904FFF00920873 /* Resources */,
			);
			buildRules = (
			);
			dependencies = (
				1624654E2E904FFF00920873 /* PBXTargetDependency */,
			);
			fileSystemSynchronizedGroups = (
				1624654F2E904FFF00920873 /* I Do BlueprintTests */,
			);
			name = "I Do BlueprintTests";
			packageProductDependencies = (
			);
			productName = "I Do BlueprintTests";
			productReference = 1624654C2E904FFF00920873 /* I Do BlueprintTests.xctest */;
			productType = "com.apple.product-type.bundle.unit-test";
		};
		162465552E904FFF00920873 /* I Do BlueprintUITests */ = {
			isa = PBXNativeTarget;
			buildConfigurationList = 162465662E904FFF00920873 /* Build configuration list for PBXNativeTarget "I Do BlueprintUITests" */;
			buildPhases = (
				162465522E904FFF00920873 /* Sources */,
				162465532E904FFF00920873 /* Frameworks */,
				162465542E904FFF00920873 /* Resources */,
			);
			buildRules = (
			);
			dependencies = (
				162465582E904FFF00920873 /* PBXTargetDependency */,
			);
			fileSystemSynchronizedGroups = (
				162465592E904FFF00920873 /* I Do BlueprintUITests */,
			);
			name = "I Do BlueprintUITests";
			packageProductDependencies = (
			);
			productName = "I Do BlueprintUITests";
			productReference = 162465562E904FFF00920873 /* I Do BlueprintUITests.xctest */;
			productType = "com.apple.product-type.bundle.ui-testing";
		};
/* End PBXNativeTarget section */

/* Begin PBXProject section */
		162465352E904FFC00920873 /* Project object */ = {
			isa = PBXProject;
			attributes = {
				BuildIndependentTargetsInParallel = 1;
				LastSwiftUpdateCheck = 2600;
				LastUpgradeCheck = 2600;
				TargetAttributes = {
					1624653C2E904FFC00920873 = {
						CreatedOnToolsVersion = 26.0.1;
					};
					1624654B2E904FFF00920873 = {
						CreatedOnToolsVersion = 26.0.1;
						TestTargetID = 1624653C2E904FFC00920873;
					};
					162465552E904FFF00920873 = {
						CreatedOnToolsVersion = 26.0.1;
						TestTargetID = 1624653C2E904FFC00920873;
					};
				};
			};
			buildConfigurationList = 162465382E904FFC00920873 /* Build configuration list for PBXProject "I Do Blueprint" */;
			developmentRegion = en;
			hasScannedForEncodings = 0;
			knownRegions = (
				en,
				Base,
			);
			mainGroup = 162465342E904FFC00920873;
			minimizedProjectReferenceProxies = 1;
			packageReferences = (
				1624697E2E9051C100920873 /* XCRemoteSwiftPackageReference "supabase-swift" */,
				162469892E90521200920873 /* XCRemoteSwiftPackageReference "google-api-objectivec-client-for-rest" */,
				1624698E2E90526300920873 /* XCRemoteSwiftPackageReference "AppAuth-iOS" */,
				162469912E9052A300920873 /* XCRemoteSwiftPackageReference "GTMAppAuth" */,
				162469942E9052DB00920873 /* XCRemoteSwiftPackageReference "swift-markdown-ui" */,
				162469972E90530500920873 /* XCRemoteSwiftPackageReference "SwiftUICharts" */,
				1624699A2E90533300920873 /* XCRemoteSwiftPackageReference "lottie-spm" */,
				1624699D2E90535100920873 /* XCRemoteSwiftPackageReference "AxisTooltip" */,
				162469A02E90537500920873 /* XCRemoteSwiftPackageReference "Grid" */,
				162469A32E90539D00920873 /* XCRemoteSwiftPackageReference "SwiftUIX" */,
				162469A62E9053E400920873 /* XCRemoteSwiftPackageReference "Kingfisher" */,
				162469A92E90540F00920873 /* XCRemoteSwiftPackageReference "SwiftUI-Introspect" */,
				162469AC2E90544A00920873 /* XCRemoteSwiftPackageReference "TPPDF" */,
				162469AF2E90546B00920873 /* XCRemoteSwiftPackageReference "swift-dependencies" */,
				169ADED72EA817330097916E /* XCRemoteSwiftPackageReference "sentry-cocoa" */,
				169211092EAEF20000239461 /* XCRemoteSwiftPackageReference "CoreXLSX" */,
			);
			preferredProjectObjectVersion = 77;
			productRefGroup = 1624653E2E904FFC00920873 /* Products */;
			projectDirPath = "";
			projectRoot = "";
			targets = (
				1624653C2E904FFC00920873 /* I Do Blueprint */,
				1624654B2E904FFF00920873 /* I Do BlueprintTests */,
				162465552E904FFF00920873 /* I Do BlueprintUITests */,
			);
		};
/* End PBXProject section */

/* Begin PBXResourcesBuildPhase section */
		1624653B2E904FFC00920873 /* Resources */ = {
			isa = PBXResourcesBuildPhase;
			buildActionMask = 2147483647;
			files = (
			);
			runOnlyForDeploymentPostprocessing = 0;
		};
		1624654A2E904FFF00920873 /* Resources */ = {
			isa = PBXResourcesBuildPhase;
			buildActionMask = 2147483647;
			files = (
			);
			runOnlyForDeploymentPostprocessing = 0;
		};
		162465542E904FFF00920873 /* Resources */ = {
			isa = PBXResourcesBuildPhase;
			buildActionMask = 2147483647;
			files = (
			);
			runOnlyForDeploymentPostprocessing = 0;
		};
/* End PBXResourcesBuildPhase section */

/* Begin PBXSourcesBuildPhase section */
		162465392E904FFC00920873 /* Sources */ = {
			isa = PBXSourcesBuildPhase;
			buildActionMask = 2147483647;
			files = (
			);
			runOnlyForDeploymentPostprocessing = 0;
		};
		162465482E904FFF00920873 /* Sources */ = {
			isa = PBXSourcesBuildPhase;
			buildActionMask = 2147483647;
			files = (
			);
			runOnlyForDeploymentPostprocessing = 0;
		};
		162465522E904FFF00920873 /* Sources */ = {
			isa = PBXSourcesBuildPhase;
			buildActionMask = 2147483647;
			files = (
			);
			runOnlyForDeploymentPostprocessing = 0;
		};
/* End PBXSourcesBuildPhase section */

/* Begin PBXTargetDependency section */
		1624654E2E904FFF00920873 /* PBXTargetDependency */ = {
			isa = PBXTargetDependency;
			target = 1624653C2E904FFC00920873 /* I Do Blueprint */;
			targetProxy = 1624654D2E904FFF00920873 /* PBXContainerItemProxy */;
		};
		162465582E904FFF00920873 /* PBXTargetDependency */ = {
			isa = PBXTargetDependency;
			target = 1624653C2E904FFC00920873 /* I Do Blueprint */;
			targetProxy = 162465572E904FFF00920873 /* PBXContainerItemProxy */;
		};
/* End PBXTargetDependency section */

/* Begin XCBuildConfiguration section */
		1624655E2E904FFF00920873 /* Debug */ = {
			isa = XCBuildConfiguration;
			buildSettings = {
				ALWAYS_SEARCH_USER_PATHS = NO;
				ASSETCATALOG_COMPILER_GENERATE_SWIFT_ASSET_SYMBOL_EXTENSIONS = YES;
				CLANG_ANALYZER_NONNULL = YES;
				CLANG_ANALYZER_NUMBER_OBJECT_CONVERSION = YES_AGGRESSIVE;
				CLANG_CXX_LANGUAGE_STANDARD = "gnu++20";
				CLANG_ENABLE_MODULES = YES;
				CLANG_ENABLE_OBJC_ARC = YES;
				CLANG_ENABLE_OBJC_WEAK = YES;
				CLANG_WARN_BLOCK_CAPTURE_AUTORELEASING = YES;
				CLANG_WARN_BOOL_CONVERSION = YES;
				CLANG_WARN_COMMA = YES;
				CLANG_WARN_CONSTANT_CONVERSION = YES;
				CLANG_WARN_DEPRECATED_OBJC_IMPLEMENTATIONS = YES;
				CLANG_WARN_DIRECT_OBJC_ISA_USAGE = YES_ERROR;
				CLANG_WARN_DOCUMENTATION_COMMENTS = YES;
				CLANG_WARN_EMPTY_BODY = YES;
				CLANG_WARN_ENUM_CONVERSION = YES;
				CLANG_WARN_INFINITE_RECURSION = YES;
				CLANG_WARN_INT_CONVERSION = YES;
				CLANG_WARN_NON_LITERAL_NULL_CONVERSION = YES;
				CLANG_WARN_OBJC_IMPLICIT_RETAIN_SELF = YES;
				CLANG_WARN_OBJC_LITERAL_CONVERSION = YES;
				CLANG_WARN_OBJC_ROOT_CLASS = YES_ERROR;
				CLANG_WARN_QUOTED_INCLUDE_IN_FRAMEWORK_HEADER = YES;
				CLANG_WARN_RANGE_LOOP_ANALYSIS = YES;
				CLANG_WARN_STRICT_PROTOTYPES = YES;
				CLANG_WARN_SUSPICIOUS_MOVE = YES;
				CLANG_WARN_UNGUARDED_AVAILABILITY = YES_AGGRESSIVE;
				CLANG_WARN_UNREACHABLE_CODE = YES;
				CLANG_WARN__DUPLICATE_METHOD_MATCH = YES;
				COPY_PHASE_STRIP = NO;
				DEBUG_INFORMATION_FORMAT = dwarf;
				DEVELOPMENT_TEAM = UH855H4KP3;
				ENABLE_STRICT_OBJC_MSGSEND = YES;
				ENABLE_TESTABILITY = YES;
				ENABLE_USER_SCRIPT_SANDBOXING = YES;
				GCC_C_LANGUAGE_STANDARD = gnu17;
				GCC_DYNAMIC_NO_PIC = NO;
				GCC_NO_COMMON_BLOCKS = YES;
				GCC_OPTIMIZATION_LEVEL = 0;
				GCC_PREPROCESSOR_DEFINITIONS = (
					"DEBUG=1",
					"$(inherited)",
				);
				GCC_WARN_64_TO_32_BIT_CONVERSION = YES;
				GCC_WARN_ABOUT_RETURN_TYPE = YES_ERROR;
				GCC_WARN_UNDECLARED_SELECTOR = YES;
				GCC_WARN_UNINITIALIZED_AUTOS = YES_AGGRESSIVE;
				GCC_WARN_UNUSED_FUNCTION = YES;
				GCC_WARN_UNUSED_VARIABLE = YES;
				LOCALIZATION_PREFERS_STRING_CATALOGS = YES;
				MACOSX_DEPLOYMENT_TARGET = 26.0;
				MTL_ENABLE_DEBUG_INFO = INCLUDE_SOURCE;
				MTL_FAST_MATH = YES;
				ONLY_ACTIVE_ARCH = YES;
				SDKROOT = macosx;
				SWIFT_ACTIVE_COMPILATION_CONDITIONS = "DEBUG $(inherited)";
				SWIFT_OPTIMIZATION_LEVEL = "-Onone";
			};
			name = Debug;
		};
		1624655F2E904FFF00920873 /* Release */ = {
			isa = XCBuildConfiguration;
			buildSettings = {
				ALWAYS_SEARCH_USER_PATHS = NO;
				ASSETCATALOG_COMPILER_GENERATE_SWIFT_ASSET_SYMBOL_EXTENSIONS = YES;
				CLANG_ANALYZER_NONNULL = YES;
				CLANG_ANALYZER_NUMBER_OBJECT_CONVERSION = YES_AGGRESSIVE;
				CLANG_CXX_LANGUAGE_STANDARD = "gnu++20";
				CLANG_ENABLE_MODULES = YES;
				CLANG_ENABLE_OBJC_ARC = YES;
				CLANG_ENABLE_OBJC_WEAK = YES;
				CLANG_WARN_BLOCK_CAPTURE_AUTORELEASING = YES;
				CLANG_WARN_BOOL_CONVERSION = YES;
				CLANG_WARN_COMMA = YES;
				CLANG_WARN_CONSTANT_CONVERSION = YES;
				CLANG_WARN_DEPRECATED_OBJC_IMPLEMENTATIONS = YES;
				CLANG_WARN_DIRECT_OBJC_ISA_USAGE = YES_ERROR;
				CLANG_WARN_DOCUMENTATION_COMMENTS = YES;
				CLANG_WARN_EMPTY_BODY = YES;
				CLANG_WARN_ENUM_CONVERSION = YES;
				CLANG_WARN_INFINITE_RECURSION = YES;
				CLANG_WARN_INT_CONVERSION = YES;
				CLANG_WARN_NON_LITERAL_NULL_CONVERSION = YES;
				CLANG_WARN_OBJC_IMPLICIT_RETAIN_SELF = YES;
				CLANG_WARN_OBJC_LITERAL_CONVERSION = YES;
				CLANG_WARN_OBJC_ROOT_CLASS = YES_ERROR;
				CLANG_WARN_QUOTED_INCLUDE_IN_FRAMEWORK_HEADER = YES;
				CLANG_WARN_RANGE_LOOP_ANALYSIS = YES;
				CLANG_WARN_STRICT_PROTOTYPES = YES;
				CLANG_WARN_SUSPICIOUS_MOVE = YES;
				CLANG_WARN_UNGUARDED_AVAILABILITY = YES_AGGRESSIVE;
				CLANG_WARN_UNREACHABLE_CODE = YES;
				CLANG_WARN__DUPLICATE_METHOD_MATCH = YES;
				COPY_PHASE_STRIP = NO;
				DEBUG_INFORMATION_FORMAT = "dwarf-with-dsym";
				DEVELOPMENT_TEAM = UH855H4KP3;
				ENABLE_NS_ASSERTIONS = NO;
				ENABLE_STRICT_OBJC_MSGSEND = YES;
				ENABLE_USER_SCRIPT_SANDBOXING = YES;
				GCC_C_LANGUAGE_STANDARD = gnu17;
				GCC_NO_COMMON_BLOCKS = YES;
				GCC_WARN_64_TO_32_BIT_CONVERSION = YES;
				GCC_WARN_ABOUT_RETURN_TYPE = YES_ERROR;
				GCC_WARN_UNDECLARED_SELECTOR = YES;
				GCC_WARN_UNINITIALIZED_AUTOS = YES_AGGRESSIVE;
				GCC_WARN_UNUSED_FUNCTION = YES;
				GCC_WARN_UNUSED_VARIABLE = YES;
				LOCALIZATION_PREFERS_STRING_CATALOGS = YES;
				MACOSX_DEPLOYMENT_TARGET = 26.0;
				MTL_ENABLE_DEBUG_INFO = NO;
				MTL_FAST_MATH = YES;
				SDKROOT = macosx;
				SWIFT_COMPILATION_MODE = wholemodule;
			};
			name = Release;
		};
		162465612E904FFF00920873 /* Debug */ = {
			isa = XCBuildConfiguration;
			buildSettings = {
				ASSETCATALOG_COMPILER_APPICON_NAME = AppIcon;
				ASSETCATALOG_COMPILER_GLOBAL_ACCENT_COLOR_NAME = AccentColor;
				CODE_SIGN_ENTITLEMENTS = "I Do Blueprint/I Do Blueprint.entitlements";
				CODE_SIGN_STYLE = Automatic;
				COMBINE_HIDPI_IMAGES = YES;
				CURRENT_PROJECT_VERSION = 1;
				DEVELOPMENT_TEAM = UH855H4KP3;
				ENABLE_APP_SANDBOX = NO;
				ENABLE_FILE_ACCESS_DOWNLOADS_FOLDER = readwrite;
				ENABLE_HARDENED_RUNTIME = YES;
				ENABLE_INCOMING_NETWORK_CONNECTIONS = YES;
				ENABLE_OUTGOING_NETWORK_CONNECTIONS = YES;
				ENABLE_PREVIEWS = YES;
				ENABLE_RESOURCE_ACCESS_AUDIO_INPUT = NO;
				ENABLE_RESOURCE_ACCESS_BLUETOOTH = NO;
				ENABLE_RESOURCE_ACCESS_CALENDARS = NO;
				ENABLE_RESOURCE_ACCESS_CAMERA = NO;
				ENABLE_RESOURCE_ACCESS_CONTACTS = NO;
				ENABLE_RESOURCE_ACCESS_LOCATION = NO;
				ENABLE_RESOURCE_ACCESS_PRINTING = NO;
				ENABLE_RESOURCE_ACCESS_USB = NO;
				ENABLE_USER_SELECTED_FILES = readonly;
				GENERATE_INFOPLIST_FILE = NO;
				INFOPLIST_FILE = "I Do Blueprint/I Do Blueprint-Info.plist";
				INFOPLIST_KEY_NSHumanReadableCopyright = "";
				LD_RUNPATH_SEARCH_PATHS = (
					"$(inherited)",
					"@executable_path/../Frameworks",
				);
				MARKETING_VERSION = 1.0;
				PRODUCT_BUNDLE_IDENTIFIER = "Jelizica.I-Do-Blueprint";
				PRODUCT_NAME = "$(TARGET_NAME)";
				REGISTER_APP_GROUPS = YES;
				STRING_CATALOG_GENERATE_SYMBOLS = YES;
				SWIFT_APPROACHABLE_CONCURRENCY = YES;
				SWIFT_DEFAULT_ACTOR_ISOLATION = MainActor;
				SWIFT_EMIT_LOC_STRINGS = YES;
				SWIFT_UPCOMING_FEATURE_MEMBER_IMPORT_VISIBILITY = YES;
				SWIFT_VERSION = 5.0;
			};
			name = Debug;
		};
		162465622E904FFF00920873 /* Release */ = {
			isa = XCBuildConfiguration;
			buildSettings = {
				ASSETCATALOG_COMPILER_APPICON_NAME = AppIcon;
				ASSETCATALOG_COMPILER_GLOBAL_ACCENT_COLOR_NAME = AccentColor;
				CODE_SIGN_ENTITLEMENTS = "I Do Blueprint/I Do Blueprint.entitlements";
				CODE_SIGN_IDENTITY = "Apple Development";
				CODE_SIGN_STYLE = Automatic;
				COMBINE_HIDPI_IMAGES = YES;
				CURRENT_PROJECT_VERSION = 1;
				DEVELOPMENT_TEAM = UH855H4KP3;
				ENABLE_APP_SANDBOX = NO;
				ENABLE_FILE_ACCESS_DOWNLOADS_FOLDER = readwrite;
				ENABLE_HARDENED_RUNTIME = YES;
				ENABLE_INCOMING_NETWORK_CONNECTIONS = YES;
				ENABLE_OUTGOING_NETWORK_CONNECTIONS = YES;
				ENABLE_PREVIEWS = YES;
				ENABLE_RESOURCE_ACCESS_AUDIO_INPUT = NO;
				ENABLE_RESOURCE_ACCESS_BLUETOOTH = NO;
				ENABLE_RESOURCE_ACCESS_CALENDARS = NO;
				ENABLE_RESOURCE_ACCESS_CAMERA = NO;
				ENABLE_RESOURCE_ACCESS_CONTACTS = NO;
				ENABLE_RESOURCE_ACCESS_LOCATION = NO;
				ENABLE_RESOURCE_ACCESS_PRINTING = NO;
				ENABLE_RESOURCE_ACCESS_USB = NO;
				ENABLE_USER_SELECTED_FILES = readonly;
				GENERATE_INFOPLIST_FILE = NO;
				INFOPLIST_FILE = "I Do Blueprint/I Do Blueprint-Info.plist";
				INFOPLIST_KEY_NSHumanReadableCopyright = "";
				LD_RUNPATH_SEARCH_PATHS = (
					"$(inherited)",
					"@executable_path/../Frameworks",
				);
				MARKETING_VERSION = 1.0;
				PRODUCT_BUNDLE_IDENTIFIER = "Jelizica.I-Do-Blueprint";
				PRODUCT_NAME = "$(TARGET_NAME)";
				PROVISIONING_PROFILE_SPECIFIER = "";
				REGISTER_APP_GROUPS = YES;
				STRING_CATALOG_GENERATE_SYMBOLS = YES;
				SWIFT_APPROACHABLE_CONCURRENCY = YES;
				SWIFT_DEFAULT_ACTOR_ISOLATION = MainActor;
				SWIFT_EMIT_LOC_STRINGS = YES;
				SWIFT_UPCOMING_FEATURE_MEMBER_IMPORT_VISIBILITY = YES;
				SWIFT_VERSION = 5.0;
			};
			name = Release;
		};
		162465642E904FFF00920873 /* Debug */ = {
			isa = XCBuildConfiguration;
			buildSettings = {
				BUNDLE_LOADER = "$(TEST_HOST)";
				CODE_SIGN_STYLE = Automatic;
				CURRENT_PROJECT_VERSION = 1;
				DEVELOPMENT_TEAM = UH855H4KP3;
				GENERATE_INFOPLIST_FILE = YES;
				MACOSX_DEPLOYMENT_TARGET = 26.0;
				MARKETING_VERSION = 1.0;
				PRODUCT_BUNDLE_IDENTIFIER = "Jelizica.I-Do-BlueprintTests";
				PRODUCT_NAME = "$(TARGET_NAME)";
				STRING_CATALOG_GENERATE_SYMBOLS = NO;
				SWIFT_APPROACHABLE_CONCURRENCY = YES;
				SWIFT_EMIT_LOC_STRINGS = NO;
				SWIFT_UPCOMING_FEATURE_MEMBER_IMPORT_VISIBILITY = YES;
				SWIFT_VERSION = 5.0;
				TEST_HOST = "$(BUILT_PRODUCTS_DIR)/I Do Blueprint.app/$(BUNDLE_EXECUTABLE_FOLDER_PATH)/I Do Blueprint";
			};
			name = Debug;
		};
		162465652E904FFF00920873 /* Release */ = {
			isa = XCBuildConfiguration;
			buildSettings = {
				BUNDLE_LOADER = "$(TEST_HOST)";
				CODE_SIGN_STYLE = Automatic;
				CURRENT_PROJECT_VERSION = 1;
				DEVELOPMENT_TEAM = UH855H4KP3;
				GENERATE_INFOPLIST_FILE = YES;
				MACOSX_DEPLOYMENT_TARGET = 26.0;
				MARKETING_VERSION = 1.0;
				PRODUCT_BUNDLE_IDENTIFIER = "Jelizica.I-Do-BlueprintTests";
				PRODUCT_NAME = "$(TARGET_NAME)";
				STRING_CATALOG_GENERATE_SYMBOLS = NO;
				SWIFT_APPROACHABLE_CONCURRENCY = YES;
				SWIFT_EMIT_LOC_STRINGS = NO;
				SWIFT_UPCOMING_FEATURE_MEMBER_IMPORT_VISIBILITY = YES;
				SWIFT_VERSION = 5.0;
				TEST_HOST = "$(BUILT_PRODUCTS_DIR)/I Do Blueprint.app/$(BUNDLE_EXECUTABLE_FOLDER_PATH)/I Do Blueprint";
			};
			name = Release;
		};
		162465672E904FFF00920873 /* Debug */ = {
			isa = XCBuildConfiguration;
			buildSettings = {
				CODE_SIGN_STYLE = Automatic;
				CURRENT_PROJECT_VERSION = 1;
				DEVELOPMENT_TEAM = UH855H4KP3;
				GENERATE_INFOPLIST_FILE = YES;
				MARKETING_VERSION = 1.0;
				PRODUCT_BUNDLE_IDENTIFIER = "Jelizica.I-Do-BlueprintUITests";
				PRODUCT_NAME = "$(TARGET_NAME)";
				STRING_CATALOG_GENERATE_SYMBOLS = NO;
				SWIFT_APPROACHABLE_CONCURRENCY = YES;
				SWIFT_EMIT_LOC_STRINGS = NO;
				SWIFT_UPCOMING_FEATURE_MEMBER_IMPORT_VISIBILITY = YES;
				SWIFT_VERSION = 5.0;
				TEST_TARGET_NAME = "I Do Blueprint";
			};
			name = Debug;
		};
		162465682E904FFF00920873 /* Release */ = {
			isa = XCBuildConfiguration;
			buildSettings = {
				CODE_SIGN_STYLE = Automatic;
				CURRENT_PROJECT_VERSION = 1;
				DEVELOPMENT_TEAM = UH855H4KP3;
				GENERATE_INFOPLIST_FILE = YES;
				MARKETING_VERSION = 1.0;
				PRODUCT_BUNDLE_IDENTIFIER = "Jelizica.I-Do-BlueprintUITests";
				PRODUCT_NAME = "$(TARGET_NAME)";
				STRING_CATALOG_GENERATE_SYMBOLS = NO;
				SWIFT_APPROACHABLE_CONCURRENCY = YES;
				SWIFT_EMIT_LOC_STRINGS = NO;
				SWIFT_UPCOMING_FEATURE_MEMBER_IMPORT_VISIBILITY = YES;
				SWIFT_VERSION = 5.0;
				TEST_TARGET_NAME = "I Do Blueprint";
			};
			name = Release;
		};
/* End XCBuildConfiguration section */

/* Begin XCConfigurationList section */
		162465382E904FFC00920873 /* Build configuration list for PBXProject "I Do Blueprint" */ = {
			isa = XCConfigurationList;
			buildConfigurations = (
				1624655E2E904FFF00920873 /* Debug */,
				1624655F2E904FFF00920873 /* Release */,
			);
			defaultConfigurationIsVisible = 0;
			defaultConfigurationName = Release;
		};
		162465602E904FFF00920873 /* Build configuration list for PBXNativeTarget "I Do Blueprint" */ = {
			isa = XCConfigurationList;
			buildConfigurations = (
				162465612E904FFF00920873 /* Debug */,
				162465622E904FFF00920873 /* Release */,
			);
			defaultConfigurationIsVisible = 0;
			defaultConfigurationName = Release;
		};
		162465632E904FFF00920873 /* Build configuration list for PBXNativeTarget "I Do BlueprintTests" */ = {
			isa = XCConfigurationList;
			buildConfigurations = (
				162465642E904FFF00920873 /* Debug */,
				162465652E904FFF00920873 /* Release */,
			);
			defaultConfigurationIsVisible = 0;
			defaultConfigurationName = Release;
		};
		162465662E904FFF00920873 /* Build configuration list for PBXNativeTarget "I Do BlueprintUITests" */ = {
			isa = XCConfigurationList;
			buildConfigurations = (
				162465672E904FFF00920873 /* Debug */,
				162465682E904FFF00920873 /* Release */,
			);
			defaultConfigurationIsVisible = 0;
			defaultConfigurationName = Release;
		};
/* End XCConfigurationList section */

/* Begin XCRemoteSwiftPackageReference section */
		1624697E2E9051C100920873 /* XCRemoteSwiftPackageReference "supabase-swift" */ = {
			isa = XCRemoteSwiftPackageReference;
			repositoryURL = "https://github.com/supabase/supabase-swift";
			requirement = {
				kind = upToNextMajorVersion;
				minimumVersion = 2.5.1;
			};
		};
		162469892E90521200920873 /* XCRemoteSwiftPackageReference "google-api-objectivec-client-for-rest" */ = {
			isa = XCRemoteSwiftPackageReference;
			repositoryURL = "https://github.com/google/google-api-objectivec-client-for-rest";
			requirement = {
				branch = main;
				kind = branch;
			};
		};
		1624698E2E90526300920873 /* XCRemoteSwiftPackageReference "AppAuth-iOS" */ = {
			isa = XCRemoteSwiftPackageReference;
			repositoryURL = "https://github.com/openid/AppAuth-iOS.git";
			requirement = {
				kind = upToNextMajorVersion;
				minimumVersion = 2.0.0;
			};
		};
		162469912E9052A300920873 /* XCRemoteSwiftPackageReference "GTMAppAuth" */ = {
			isa = XCRemoteSwiftPackageReference;
			repositoryURL = "https://github.com/google/GTMAppAuth";
			requirement = {
				kind = upToNextMajorVersion;
				minimumVersion = 5.0.0;
			};
		};
		162469942E9052DB00920873 /* XCRemoteSwiftPackageReference "swift-markdown-ui" */ = {
			isa = XCRemoteSwiftPackageReference;
			repositoryURL = "https://github.com/gonzalezreal/swift-markdown-ui";
			requirement = {
				kind = upToNextMajorVersion;
				minimumVersion = 2.4.1;
			};
		};
		162469972E90530500920873 /* XCRemoteSwiftPackageReference "SwiftUICharts" */ = {
			isa = XCRemoteSwiftPackageReference;
			repositoryURL = "https://github.com/willdale/SwiftUICharts";
			requirement = {
				kind = upToNextMajorVersion;
				minimumVersion = 2.10.4;
			};
		};
		1624699A2E90533300920873 /* XCRemoteSwiftPackageReference "lottie-spm" */ = {
			isa = XCRemoteSwiftPackageReference;
			repositoryURL = "https://github.com/airbnb/lottie-spm";
			requirement = {
				kind = upToNextMajorVersion;
				minimumVersion = 4.5.2;
			};
		};
		1624699D2E90535100920873 /* XCRemoteSwiftPackageReference "AxisTooltip" */ = {
			isa = XCRemoteSwiftPackageReference;
			repositoryURL = "https://github.com/jasudev/AxisTooltip";
			requirement = {
				kind = upToNextMajorVersion;
				minimumVersion = 0.5.0;
			};
		};
		162469A02E90537500920873 /* XCRemoteSwiftPackageReference "Grid" */ = {
			isa = XCRemoteSwiftPackageReference;
			repositoryURL = "https://github.com/exyte/Grid.git";
			requirement = {
				kind = upToNextMajorVersion;
				minimumVersion = 1.5.0;
			};
		};
		162469A32E90539D00920873 /* XCRemoteSwiftPackageReference "SwiftUIX" */ = {
			isa = XCRemoteSwiftPackageReference;
			repositoryURL = "https://github.com/SwiftUIX/SwiftUIX.git";
			requirement = {
				kind = upToNextMajorVersion;
				minimumVersion = 0.2.4;
			};
		};
		162469A62E9053E400920873 /* XCRemoteSwiftPackageReference "Kingfisher" */ = {
			isa = XCRemoteSwiftPackageReference;
			repositoryURL = "https://github.com/onevcat/Kingfisher.git";
			requirement = {
				kind = upToNextMajorVersion;
				minimumVersion = 8.5.0;
			};
		};
		162469A92E90540F00920873 /* XCRemoteSwiftPackageReference "SwiftUI-Introspect" */ = {
			isa = XCRemoteSwiftPackageReference;
			repositoryURL = "https://github.com/siteline/SwiftUI-Introspect.git";
			requirement = {
				kind = upToNextMajorVersion;
				minimumVersion = 26.0.0;
			};
		};
		162469AC2E90544A00920873 /* XCRemoteSwiftPackageReference "TPPDF" */ = {
			isa = XCRemoteSwiftPackageReference;
			repositoryURL = "https://github.com/techprimate/TPPDF";
			requirement = {
				kind = upToNextMajorVersion;
				minimumVersion = 2.6.1;
			};
		};
		162469AF2E90546B00920873 /* XCRemoteSwiftPackageReference "swift-dependencies" */ = {
			isa = XCRemoteSwiftPackageReference;
			repositoryURL = "https://github.com/pointfreeco/swift-dependencies";
			requirement = {
				kind = upToNextMajorVersion;
				minimumVersion = 1.10.0;
			};
		};
		169211092EAEF20000239461 /* XCRemoteSwiftPackageReference "CoreXLSX" */ = {
			isa = XCRemoteSwiftPackageReference;
			repositoryURL = "https://github.com/CoreOffice/CoreXLSX";
			requirement = {
				kind = upToNextMajorVersion;
				minimumVersion = 0.14.2;
			};
		};
		169ADED72EA817330097916E /* XCRemoteSwiftPackageReference "sentry-cocoa" */ = {
			isa = XCRemoteSwiftPackageReference;
			repositoryURL = "https://github.com/getsentry/sentry-cocoa.git";
			requirement = {
				kind = upToNextMajorVersion;
				minimumVersion = 8.57.0;
			};
		};
/* End XCRemoteSwiftPackageReference section */

/* Begin XCSwiftPackageProductDependency section */
		1624697F2E9051C100920873 /* Auth */ = {
			isa = XCSwiftPackageProductDependency;
			package = 1624697E2E9051C100920873 /* XCRemoteSwiftPackageReference "supabase-swift" */;
			productName = Auth;
		};
		162469812E9051C100920873 /* Functions */ = {
			isa = XCSwiftPackageProductDependency;
			package = 1624697E2E9051C100920873 /* XCRemoteSwiftPackageReference "supabase-swift" */;
			productName = Functions;
		};
		162469832E9051C100920873 /* PostgREST */ = {
			isa = XCSwiftPackageProductDependency;
			package = 1624697E2E9051C100920873 /* XCRemoteSwiftPackageReference "supabase-swift" */;
			productName = PostgREST;
		};
		162469852E9051C100920873 /* Realtime */ = {
			isa = XCSwiftPackageProductDependency;
			package = 1624697E2E9051C100920873 /* XCRemoteSwiftPackageReference "supabase-swift" */;
			productName = Realtime;
		};
		162469872E9051C100920873 /* Supabase */ = {
			isa = XCSwiftPackageProductDependency;
			package = 1624697E2E9051C100920873 /* XCRemoteSwiftPackageReference "supabase-swift" */;
			productName = Supabase;
		};
		1624698A2E90521200920873 /* GoogleAPIClientForREST_Drive */ = {
			isa = XCSwiftPackageProductDependency;
			package = 162469892E90521200920873 /* XCRemoteSwiftPackageReference "google-api-objectivec-client-for-rest" */;
			productName = GoogleAPIClientForREST_Drive;
		};
		1624698C2E90521200920873 /* GoogleAPIClientForREST_Sheets */ = {
			isa = XCSwiftPackageProductDependency;
			package = 162469892E90521200920873 /* XCRemoteSwiftPackageReference "google-api-objectivec-client-for-rest" */;
			productName = GoogleAPIClientForREST_Sheets;
		};
		1624698F2E90526300920873 /* AppAuth */ = {
			isa = XCSwiftPackageProductDependency;
			package = 1624698E2E90526300920873 /* XCRemoteSwiftPackageReference "AppAuth-iOS" */;
			productName = AppAuth;
		};
		162469922E9052A300920873 /* GTMAppAuth */ = {
			isa = XCSwiftPackageProductDependency;
			package = 162469912E9052A300920873 /* XCRemoteSwiftPackageReference "GTMAppAuth" */;
			productName = GTMAppAuth;
		};
		162469952E9052DB00920873 /* MarkdownUI */ = {
			isa = XCSwiftPackageProductDependency;
			package = 162469942E9052DB00920873 /* XCRemoteSwiftPackageReference "swift-markdown-ui" */;
			productName = MarkdownUI;
		};
		162469982E90530500920873 /* SwiftUICharts */ = {
			isa = XCSwiftPackageProductDependency;
			package = 162469972E90530500920873 /* XCRemoteSwiftPackageReference "SwiftUICharts" */;
			productName = SwiftUICharts;
		};
		1624699B2E90533300920873 /* Lottie */ = {
			isa = XCSwiftPackageProductDependency;
			package = 1624699A2E90533300920873 /* XCRemoteSwiftPackageReference "lottie-spm" */;
			productName = Lottie;
		};
		1624699E2E90535100920873 /* AxisTooltip */ = {
			isa = XCSwiftPackageProductDependency;
			package = 1624699D2E90535100920873 /* XCRemoteSwiftPackageReference "AxisTooltip" */;
			productName = AxisTooltip;
		};
		162469A12E90537500920873 /* ExyteGrid */ = {
			isa = XCSwiftPackageProductDependency;
			package = 162469A02E90537500920873 /* XCRemoteSwiftPackageReference "Grid" */;
			productName = ExyteGrid;
		};
		162469A42E90539D00920873 /* SwiftUIX */ = {
			isa = XCSwiftPackageProductDependency;
			package = 162469A32E90539D00920873 /* XCRemoteSwiftPackageReference "SwiftUIX" */;
			productName = SwiftUIX;
		};
		162469A72E9053E400920873 /* Kingfisher */ = {
			isa = XCSwiftPackageProductDependency;
			package = 162469A62E9053E400920873 /* XCRemoteSwiftPackageReference "Kingfisher" */;
			productName = Kingfisher;
		};
		162469AA2E90540F00920873 /* SwiftUIIntrospect */ = {
			isa = XCSwiftPackageProductDependency;
			package = 162469A92E90540F00920873 /* XCRemoteSwiftPackageReference "SwiftUI-Introspect" */;
			productName = SwiftUIIntrospect;
		};
		162469AD2E90544A00920873 /* TPPDF */ = {
			isa = XCSwiftPackageProductDependency;
			package = 162469AC2E90544A00920873 /* XCRemoteSwiftPackageReference "TPPDF" */;
			productName = TPPDF;
		};
		162469B02E90546B00920873 /* Dependencies */ = {
			isa = XCSwiftPackageProductDependency;
			package = 162469AF2E90546B00920873 /* XCRemoteSwiftPackageReference "swift-dependencies" */;
			productName = Dependencies;
		};
		1692110A2EAEF20000239461 /* CoreXLSX */ = {
			isa = XCSwiftPackageProductDependency;
			package = 169211092EAEF20000239461 /* XCRemoteSwiftPackageReference "CoreXLSX" */;
			productName = CoreXLSX;
		};
		169ADED82EA817330097916E /* Sentry */ = {
			isa = XCSwiftPackageProductDependency;
			package = 169ADED72EA817330097916E /* XCRemoteSwiftPackageReference "sentry-cocoa" */;
			productName = Sentry;
		};
		169ADEDA2EA817330097916E /* SentrySwiftUI */ = {
			isa = XCSwiftPackageProductDependency;
			package = 169ADED72EA817330097916E /* XCRemoteSwiftPackageReference "sentry-cocoa" */;
			productName = SentrySwiftUI;
		};
/* End XCSwiftPackageProductDependency section */
	};
	rootObject = 162465352E904FFC00920873 /* Project object */;
}
